{
  "version": "4",
  "specifiers": {
    "jsr:@b-fuze/deno-dom@~0.1.49": "0.1.49",
    "jsr:@cliffy/ansi@1.0.0-rc.7": "1.0.0-rc.7",
    "jsr:@cliffy/command@1.0.0-rc.7": "1.0.0-rc.7",
    "jsr:@cliffy/flags@1.0.0-rc.7": "1.0.0-rc.7",
    "jsr:@cliffy/internal@1.0.0-rc.7": "1.0.0-rc.7",
    "jsr:@cliffy/keycode@1.0.0-rc.7": "1.0.0-rc.7",
    "jsr:@cliffy/prompt@1.0.0-rc.7": "1.0.0-rc.7",
    "jsr:@cliffy/table@1.0.0-rc.7": "1.0.0-rc.7",
    "jsr:@david/which@~0.4.1": "0.4.1",
    "jsr:@denosaurs/plug@1.0.3": "1.0.3",
    "jsr:@std/assert@*": "1.0.10",
    "jsr:@std/assert@^1.0.10": "1.0.11",
    "jsr:@std/assert@^1.0.11": "1.0.11",
    "jsr:@std/assert@^1.0.2": "1.0.10",
    "jsr:@std/assert@~0.213.1": "0.213.1",
    "jsr:@std/assert@~1.0.6": "1.0.11",
    "jsr:@std/async@^1.0.10": "1.0.10",
    "jsr:@std/cli@^1.0.11": "1.0.11",
    "jsr:@std/collections@^1.0.10": "1.0.10",
    "jsr:@std/data-structures@^1.0.6": "1.0.6",
    "jsr:@std/encoding@0.213.1": "0.213.1",
    "jsr:@std/encoding@~1.0.5": "1.0.6",
    "jsr:@std/fmt@0.213.1": "0.213.1",
    "jsr:@std/fmt@1": "1.0.4",
    "jsr:@std/fmt@~1.0.2": "1.0.4",
    "jsr:@std/fs@0.213.1": "0.213.1",
    "jsr:@std/fs@1": "1.0.10",
    "jsr:@std/fs@^1.0.1": "1.0.9",
    "jsr:@std/fs@^1.0.10": "1.0.10",
    "jsr:@std/fs@^1.0.8": "1.0.9",
    "jsr:@std/fs@^1.0.9": "1.0.10",
    "jsr:@std/internal@^1.0.1": "1.0.5",
    "jsr:@std/internal@^1.0.5": "1.0.5",
    "jsr:@std/io@~0.224.9": "0.224.9",
    "jsr:@std/path@0.213.1": "0.213.1",
    "jsr:@std/path@1": "1.0.8",
    "jsr:@std/path@^1.0.2": "1.0.8",
    "jsr:@std/path@^1.0.8": "1.0.8",
    "jsr:@std/path@~0.213.1": "0.213.1",
    "jsr:@std/path@~1.0.6": "1.0.8",
    "jsr:@std/regexp@^1.0.1": "1.0.1",
    "jsr:@std/semver@^1.0.3": "1.0.3",
    "jsr:@std/testing@^1.0.9": "1.0.9",
    "jsr:@std/text@^1.0.9": "1.0.10",
    "jsr:@std/text@~1.0.7": "1.0.10",
    "npm:@types/node@*": "22.5.4",
    "npm:@urql/core@^5.1.0": "5.1.0",
    "npm:@urql/exchange-retry@^1.3.0": "1.3.0_@urql+core@5.1.0",
    "npm:exiftool-vendored@29": "29.0.0",
    "npm:octokit@^3.1.0": "3.2.1_@octokit+core@5.2.0",
    "npm:octokit@^4.1.0": "4.1.0_@octokit+core@6.1.3"
  },
  "jsr": {
    "@b-fuze/deno-dom@0.1.49": {
      "integrity": "45c40175fdd1e74ab2d4b54c4fdaabbad6e5b76ee28df12a48e076b3fa7901a9",
      "dependencies": [
        "jsr:@denosaurs/plug"
      ]
    },
    "@cliffy/ansi@1.0.0-rc.7": {
      "integrity": "f71c921cce224c13d322e5cedba4f38e8f7354c7d855c9cb22729362a53f25aa",
      "dependencies": [
        "jsr:@cliffy/internal",
        "jsr:@std/encoding@~1.0.5",
        "jsr:@std/fmt@~1.0.2",
        "jsr:@std/io"
      ]
    },
    "@cliffy/command@1.0.0-rc.7": {
      "integrity": "1288808d7a3cd18b86c24c2f920e47a6d954b7e23cadc35c8cbd78f8be41f0cd",
      "dependencies": [
        "jsr:@cliffy/flags",
        "jsr:@cliffy/internal",
        "jsr:@cliffy/table",
        "jsr:@std/fmt@~1.0.2",
        "jsr:@std/text@~1.0.7"
      ]
    },
    "@cliffy/flags@1.0.0-rc.7": {
      "integrity": "318d9be98f6a6417b108e03dec427dea96cdd41a15beb21d2554ae6da450a781",
      "dependencies": [
        "jsr:@std/text@~1.0.7"
      ]
    },
    "@cliffy/internal@1.0.0-rc.7": {
      "integrity": "10412636ab3e67517d448be9eaab1b70c88eba9be22617b5d146257a11cc9b17",
      "dependencies": [
        "jsr:@std/fmt@~1.0.2"
      ]
    },
    "@cliffy/keycode@1.0.0-rc.7": {
      "integrity": "5b3f6c33994e81a76b79f108b1989642ac22705840da33781f7972d7dff05503"
    },
    "@cliffy/prompt@1.0.0-rc.7": {
      "integrity": "a9cbd13acd8073558447cae8ca4cf593c09d23bcbe429cc63346920c21187b83",
      "dependencies": [
        "jsr:@cliffy/ansi",
        "jsr:@cliffy/internal",
        "jsr:@cliffy/keycode",
        "jsr:@std/assert@~1.0.6",
        "jsr:@std/fmt@~1.0.2",
        "jsr:@std/io",
        "jsr:@std/path@~1.0.6",
        "jsr:@std/text@~1.0.7"
      ]
    },
    "@cliffy/table@1.0.0-rc.7": {
      "integrity": "9fdd9776eda28a0b397981c400eeb1aa36da2371b43eefe12e6ff555290e3180",
      "dependencies": [
        "jsr:@std/fmt@~1.0.2"
      ]
    },
    "@david/which@0.4.1": {
      "integrity": "896a682b111f92ab866cc70c5b4afab2f5899d2f9bde31ed00203b9c250f225e"
    },
    "@denosaurs/plug@1.0.3": {
      "integrity": "b010544e386bea0ff3a1d05e0c88f704ea28cbd4d753439c2f1ee021a85d4640",
      "dependencies": [
        "jsr:@std/encoding@0.213.1",
        "jsr:@std/fmt@0.213.1",
        "jsr:@std/fs@0.213.1",
        "jsr:@std/path@0.213.1"
      ]
    },
    "@std/assert@0.213.1": {
      "integrity": "24c28178b30c8e0782c18e8e94ea72b16282207569cdd10ffb9d1d26f2edebfe"
    },
    "@std/assert@1.0.10": {
      "integrity": "59b5cbac5bd55459a19045d95cc7c2ff787b4f8527c0dd195078ff6f9481fbb3",
      "dependencies": [
        "jsr:@std/internal@^1.0.5"
      ]
    },
    "@std/assert@1.0.11": {
      "integrity": "2461ef3c368fe88bc60e186e7744a93112f16fd110022e113a0849e94d1c83c1",
      "dependencies": [
        "jsr:@std/internal@^1.0.5"
      ]
    },
    "@std/async@1.0.10": {
      "integrity": "2ff1b1c7d33d1416159989b0f69e59ec7ee8cb58510df01e454def2108b3dbec"
    },
    "@std/cli@1.0.11": {
      "integrity": "ec219619fdcd31bcf0d8e53bee1e2706ec9a02f70255365a094f69755dadd340"
    },
    "@std/collections@1.0.10": {
      "integrity": "903af106a3d92970d74e20f7ebff77d9658af9bef4403f1dc42a7801c0575899"
    },
    "@std/data-structures@1.0.6": {
      "integrity": "76a7fd8080c66604c0496220a791860492ab21a04a63a969c0b9a0609bbbb760"
    },
    "@std/encoding@0.213.1": {
      "integrity": "fcbb6928713dde941a18ca5db88ca1544d0755ec8fb20fe61e2dc8144b390c62"
    },
    "@std/encoding@1.0.6": {
      "integrity": "ca87122c196e8831737d9547acf001766618e78cd8c33920776c7f5885546069"
    },
    "@std/fmt@0.213.1": {
      "integrity": "a06d31777566d874b9c856c10244ac3e6b660bdec4c82506cd46be052a1082c3"
    },
    "@std/fmt@1.0.4": {
      "integrity": "e14fe5bedee26f80877e6705a97a79c7eed599e81bb1669127ef9e8bc1e29a74"
    },
    "@std/fs@0.213.1": {
      "integrity": "fbcaf099f8a85c27ab0712b666262cda8fe6d02e9937bf9313ecaea39a22c501",
      "dependencies": [
        "jsr:@std/assert@~0.213.1",
        "jsr:@std/path@~0.213.1"
      ]
    },
    "@std/fs@1.0.9": {
      "integrity": "3eef7e3ed3d317b29432c7dcb3b20122820dbc574263f721cb0248ad91bad890",
      "dependencies": [
        "jsr:@std/path@^1.0.8"
      ]
    },
    "@std/fs@1.0.10": {
      "integrity": "bf041f9d7a0a460817f0421be8946d0e06011b3433e6c83a215628de5e3c7c2c",
      "dependencies": [
        "jsr:@std/path@^1.0.8"
      ]
    },
    "@std/internal@1.0.5": {
      "integrity": "54a546004f769c1ac9e025abd15a76b6671ddc9687e2313b67376125650dc7ba"
    },
    "@std/io@0.224.9": {
      "integrity": "4414664b6926f665102e73c969cfda06d2c4c59bd5d0c603fd4f1b1c840d6ee3"
    },
    "@std/path@0.213.1": {
      "integrity": "f187bf278a172752e02fcbacf6bd78a335ed320d080a7ed3a5a59c3e88abc673",
      "dependencies": [
        "jsr:@std/assert@~0.213.1"
      ]
    },
    "@std/path@1.0.8": {
      "integrity": "548fa456bb6a04d3c1a1e7477986b6cffbce95102d0bb447c67c4ee70e0364be"
    },
    "@std/regexp@1.0.1": {
      "integrity": "5179d823465085c5480dafb44438466e83c424fadc61ba31f744050ecc0f596d"
    },
    "@std/semver@1.0.3": {
      "integrity": "7c139c6076a080eeaa4252c78b95ca5302818d7eafab0470d34cafd9930c13c8"
    },
    "@std/testing@1.0.9": {
      "integrity": "9bdd4ac07cb13e7594ac30e90f6ceef7254ac83a9aeaa089be0008f33aab5cd4",
      "dependencies": [
        "jsr:@std/assert@^1.0.10",
        "jsr:@std/data-structures",
        "jsr:@std/fs@^1.0.9",
        "jsr:@std/internal@^1.0.5",
        "jsr:@std/path@^1.0.8"
      ]
    },
    "@std/text@1.0.10": {
      "integrity": "9dcab377450253c0efa9a9a0c731040bfd4e1c03f8303b5934381467b7954338"
    }
  },
  "npm": {
    "@0no-co/graphql.web@1.0.13": {
      "integrity": "sha512-jqYxOevheVTU1S36ZdzAkJIdvRp2m3OYIG5SEoKDw5NI8eVwkoI0D/Q3DYNGmXCxkA6CQuoa7zvMiDPTLqUNuw=="
    },
    "@octokit/app@14.1.0_@octokit+core@5.2.0": {
      "integrity": "sha512-g3uEsGOQCBl1+W1rgfwoRFUIR6PtvB2T1E4RpygeUU5LrLvlOqcxrt5lfykIeRpUPpupreGJUYl70fqMDXdTpw==",
      "dependencies": [
        "@octokit/auth-app@6.1.3",
        "@octokit/auth-unauthenticated@5.0.1",
        "@octokit/core@5.2.0",
        "@octokit/oauth-app@6.1.0",
        "@octokit/plugin-paginate-rest@9.2.1_@octokit+core@5.2.0",
        "@octokit/types@12.6.0",
        "@octokit/webhooks@12.3.1"
      ]
    },
    "@octokit/app@15.1.2_@octokit+core@6.1.3": {
      "integrity": "sha512-6aKmKvqnJKoVK+kx0mLlBMKmQYoziPw4Rd/PWr0j65QVQlrDXlu6hGU8fmTXt7tNkf/DsubdIaTT4fkoWzCh5g==",
      "dependencies": [
        "@octokit/auth-app@7.1.4",
        "@octokit/auth-unauthenticated@6.1.1",
        "@octokit/core@6.1.3",
        "@octokit/oauth-app@7.1.5",
        "@octokit/plugin-paginate-rest@11.4.0_@octokit+core@6.1.3",
        "@octokit/types@13.7.0",
        "@octokit/webhooks@13.4.2"
      ]
    },
    "@octokit/auth-app@6.1.3": {
      "integrity": "sha512-dcaiteA6Y/beAlDLZOPNReN3FGHu+pARD6OHfh3T9f3EO09++ec+5wt3KtGGSSs2Mp5tI8fQwdMOEnrzBLfgUA==",
      "dependencies": [
        "@octokit/auth-oauth-app@7.1.0",
        "@octokit/auth-oauth-user@4.1.0",
        "@octokit/request@8.4.0",
        "@octokit/request-error@5.1.0",
        "@octokit/types@13.7.0",
        "deprecation",
        "lru-cache@npm:@wolfy1339/lru-cache@11.0.2-patch.1",
        "universal-github-app-jwt@1.2.0",
        "universal-user-agent@6.0.1"
      ]
    },
    "@octokit/auth-app@7.1.4": {
      "integrity": "sha512-5F+3l/maq9JfWQ4bV28jT2G/K8eu9OJ317yzXPTGe4Kw+lKDhFaS4dQ3Ltmb6xImKxfCQdqDqMXODhc9YLipLw==",
      "dependencies": [
        "@octokit/auth-oauth-app@8.1.2",
        "@octokit/auth-oauth-user@5.1.2",
        "@octokit/request@9.1.4",
        "@octokit/request-error@6.1.6",
        "@octokit/types@13.7.0",
        "toad-cache",
        "universal-github-app-jwt@2.2.0",
        "universal-user-agent@7.0.2"
      ]
    },
    "@octokit/auth-oauth-app@7.1.0": {
      "integrity": "sha512-w+SyJN/b0l/HEb4EOPRudo7uUOSW51jcK1jwLa+4r7PA8FPFpoxEnHBHMITqCsc/3Vo2qqFjgQfz/xUUvsSQnA==",
      "dependencies": [
        "@octokit/auth-oauth-device@6.1.0",
        "@octokit/auth-oauth-user@4.1.0",
        "@octokit/request@8.4.0",
        "@octokit/types@13.7.0",
        "@types/btoa-lite",
        "btoa-lite",
        "universal-user-agent@6.0.1"
      ]
    },
    "@octokit/auth-oauth-app@8.1.2": {
      "integrity": "sha512-3woNZgq5/S6RS+9ZTq+JdymxVr7E0s4EYxF20ugQvgX3pomdPUL5r/XdTY9wALoBM2eHVy4ettr5fKpatyTyHw==",
      "dependencies": [
        "@octokit/auth-oauth-device@7.1.2",
        "@octokit/auth-oauth-user@5.1.2",
        "@octokit/request@9.1.4",
        "@octokit/types@13.7.0",
        "universal-user-agent@7.0.2"
      ]
    },
    "@octokit/auth-oauth-device@6.1.0": {
      "integrity": "sha512-FNQ7cb8kASufd6Ej4gnJ3f1QB5vJitkoV1O0/g6e6lUsQ7+VsSNRHRmFScN2tV4IgKA12frrr/cegUs0t+0/Lw==",
      "dependencies": [
        "@octokit/oauth-methods@4.1.0",
        "@octokit/request@8.4.0",
        "@octokit/types@13.7.0",
        "universal-user-agent@6.0.1"
      ]
    },
    "@octokit/auth-oauth-device@7.1.2": {
      "integrity": "sha512-gTOIzDeV36OhVfxCl69FmvJix7tJIiU6dlxuzLVAzle7fYfO8UDyddr9B+o4CFQVaMBLMGZ9ak2CWMYcGeZnPw==",
      "dependencies": [
        "@octokit/oauth-methods@5.1.3",
        "@octokit/request@9.1.4",
        "@octokit/types@13.7.0",
        "universal-user-agent@7.0.2"
      ]
    },
    "@octokit/auth-oauth-user@4.1.0": {
      "integrity": "sha512-FrEp8mtFuS/BrJyjpur+4GARteUCrPeR/tZJzD8YourzoVhRics7u7we/aDcKv+yywRNwNi/P4fRi631rG/OyQ==",
      "dependencies": [
        "@octokit/auth-oauth-device@6.1.0",
        "@octokit/oauth-methods@4.1.0",
        "@octokit/request@8.4.0",
        "@octokit/types@13.7.0",
        "btoa-lite",
        "universal-user-agent@6.0.1"
      ]
    },
    "@octokit/auth-oauth-user@5.1.2": {
      "integrity": "sha512-PgVDDPJgZYb3qSEXK4moksA23tfn68zwSAsQKZ1uH6IV9IaNEYx35OXXI80STQaLYnmEE86AgU0tC1YkM4WjsA==",
      "dependencies": [
        "@octokit/auth-oauth-device@7.1.2",
        "@octokit/oauth-methods@5.1.3",
        "@octokit/request@9.1.4",
        "@octokit/types@13.7.0",
        "universal-user-agent@7.0.2"
      ]
    },
    "@octokit/auth-token@4.0.0": {
      "integrity": "sha512-tY/msAuJo6ARbK6SPIxZrPBms3xPbfwBrulZe0Wtr/DIY9lje2HeV1uoebShn6mx7SjCHif6EjMvoREj+gZ+SA=="
    },
    "@octokit/auth-token@5.1.1": {
      "integrity": "sha512-rh3G3wDO8J9wSjfI436JUKzHIxq8NaiL0tVeB2aXmG6p/9859aUOAjA9pmSPNGGZxfwmaJ9ozOJImuNVJdpvbA=="
    },
    "@octokit/auth-unauthenticated@5.0.1": {
      "integrity": "sha512-oxeWzmBFxWd+XolxKTc4zr+h3mt+yofn4r7OfoIkR/Cj/o70eEGmPsFbueyJE2iBAGpjgTnEOKM3pnuEGVmiqg==",
      "dependencies": [
        "@octokit/request-error@5.1.0",
        "@octokit/types@12.6.0"
      ]
    },
    "@octokit/auth-unauthenticated@6.1.1": {
      "integrity": "sha512-bGXqdN6RhSFHvpPq46SL8sN+F3odQ6oMNLWc875IgoqcC3qus+fOL2th6Tkl94wvdSTy8/OeHzWy/lZebmnhog==",
      "dependencies": [
        "@octokit/request-error@6.1.6",
        "@octokit/types@13.7.0"
      ]
    },
    "@octokit/core@5.2.0": {
      "integrity": "sha512-1LFfa/qnMQvEOAdzlQymH0ulepxbxnCYAKJZfMci/5XJyIHWgEYnDmgnKakbTh7CH2tFQ5O60oYDvns4i9RAIg==",
      "dependencies": [
        "@octokit/auth-token@4.0.0",
        "@octokit/graphql@7.1.0",
        "@octokit/request@8.4.0",
        "@octokit/request-error@5.1.0",
        "@octokit/types@13.7.0",
        "before-after-hook@2.2.3",
        "universal-user-agent@6.0.1"
      ]
    },
    "@octokit/core@6.1.3": {
      "integrity": "sha512-z+j7DixNnfpdToYsOutStDgeRzJSMnbj8T1C/oQjB6Aa+kRfNjs/Fn7W6c8bmlt6mfy3FkgeKBRnDjxQow5dow==",
      "dependencies": [
        "@octokit/auth-token@5.1.1",
        "@octokit/graphql@8.1.2",
        "@octokit/request@9.1.4",
        "@octokit/request-error@6.1.6",
        "@octokit/types@13.7.0",
        "before-after-hook@3.0.2",
        "universal-user-agent@7.0.2"
      ]
    },
    "@octokit/endpoint@10.1.2": {
      "integrity": "sha512-XybpFv9Ms4hX5OCHMZqyODYqGTZ3H6K6Vva+M9LR7ib/xr1y1ZnlChYv9H680y77Vd/i/k+thXApeRASBQkzhA==",
      "dependencies": [
        "@octokit/types@13.7.0",
        "universal-user-agent@7.0.2"
      ]
    },
    "@octokit/endpoint@9.0.5": {
      "integrity": "sha512-ekqR4/+PCLkEBF6qgj8WqJfvDq65RH85OAgrtnVp1mSxaXF03u2xW/hUdweGS5654IlC0wkNYC18Z50tSYTAFw==",
      "dependencies": [
        "@octokit/types@13.7.0",
        "universal-user-agent@6.0.1"
      ]
    },
    "@octokit/graphql@7.1.0": {
      "integrity": "sha512-r+oZUH7aMFui1ypZnAvZmn0KSqAUgE1/tUXIWaqUCa1758ts/Jio84GZuzsvUkme98kv0WFY8//n0J1Z+vsIsQ==",
      "dependencies": [
        "@octokit/request@8.4.0",
        "@octokit/types@13.7.0",
        "universal-user-agent@6.0.1"
      ]
    },
    "@octokit/graphql@8.1.2": {
      "integrity": "sha512-bdlj/CJVjpaz06NBpfHhp4kGJaRZfz7AzC+6EwUImRtrwIw8dIgJ63Xg0OzV9pRn3rIzrt5c2sa++BL0JJ8GLw==",
      "dependencies": [
        "@octokit/request@9.1.4",
        "@octokit/types@13.7.0",
        "universal-user-agent@7.0.2"
      ]
    },
    "@octokit/oauth-app@6.1.0": {
      "integrity": "sha512-nIn/8eUJ/BKUVzxUXd5vpzl1rwaVxMyYbQkNZjHrF7Vk/yu98/YDF/N2KeWO7uZ0g3b5EyiFXFkZI8rJ+DH1/g==",
      "dependencies": [
        "@octokit/auth-oauth-app@7.1.0",
        "@octokit/auth-oauth-user@4.1.0",
        "@octokit/auth-unauthenticated@5.0.1",
        "@octokit/core@5.2.0",
        "@octokit/oauth-authorization-url@6.0.2",
        "@octokit/oauth-methods@4.1.0",
        "@types/aws-lambda",
        "universal-user-agent@6.0.1"
      ]
    },
    "@octokit/oauth-app@7.1.5": {
      "integrity": "sha512-/Y2MiwWDlGUK4blKKfjJiwjzu/FzwKTTTfTZAAQ0QbdBIDEGJPWhOFH6muSN86zaa4tNheB4YS3oWIR2e4ydzA==",
      "dependencies": [
        "@octokit/auth-oauth-app@8.1.2",
        "@octokit/auth-oauth-user@5.1.2",
        "@octokit/auth-unauthenticated@6.1.1",
        "@octokit/core@6.1.3",
        "@octokit/oauth-authorization-url@7.1.1",
        "@octokit/oauth-methods@5.1.3",
        "@types/aws-lambda",
        "universal-user-agent@7.0.2"
      ]
    },
    "@octokit/oauth-authorization-url@6.0.2": {
      "integrity": "sha512-CdoJukjXXxqLNK4y/VOiVzQVjibqoj/xHgInekviUJV73y/BSIcwvJ/4aNHPBPKcPWFnd4/lO9uqRV65jXhcLA=="
    },
    "@octokit/oauth-authorization-url@7.1.1": {
      "integrity": "sha512-ooXV8GBSabSWyhLUowlMIVd9l1s2nsOGQdlP2SQ4LnkEsGXzeCvbSbCPdZThXhEFzleGPwbapT0Sb+YhXRyjCA=="
    },
    "@octokit/oauth-methods@4.1.0": {
      "integrity": "sha512-4tuKnCRecJ6CG6gr0XcEXdZtkTDbfbnD5oaHBmLERTjTMZNi2CbfEHZxPU41xXLDG4DfKf+sonu00zvKI9NSbw==",
      "dependencies": [
        "@octokit/oauth-authorization-url@6.0.2",
        "@octokit/request@8.4.0",
        "@octokit/request-error@5.1.0",
        "@octokit/types@13.7.0",
        "btoa-lite"
      ]
    },
    "@octokit/oauth-methods@5.1.3": {
      "integrity": "sha512-M+bDBi5H8FnH0xhCTg0m9hvcnppdDnxUqbZyOkxlLblKpLAR+eT2nbDPvJDp0eLrvJWA1I8OX0KHf/sBMQARRA==",
      "dependencies": [
        "@octokit/oauth-authorization-url@7.1.1",
        "@octokit/request@9.1.4",
        "@octokit/request-error@6.1.6",
        "@octokit/types@13.7.0"
      ]
    },
    "@octokit/openapi-types@20.0.0": {
      "integrity": "sha512-EtqRBEjp1dL/15V7WiX5LJMIxxkdiGJnabzYx5Apx4FkQIFgAfKumXeYAqqJCj1s+BMX4cPFIFC4OLCR6stlnA=="
    },
    "@octokit/openapi-types@23.0.1": {
      "integrity": "sha512-izFjMJ1sir0jn0ldEKhZ7xegCTj/ObmEDlEfpFrx4k/JyZSMRHbO3/rBwgE7f3m2DHt+RrNGIVw4wSmwnm3t/g=="
    },
    "@octokit/openapi-webhooks-types@8.5.1": {
      "integrity": "sha512-i3h1b5zpGSB39ffBbYdSGuAd0NhBAwPyA3QV3LYi/lx4lsbZiu7u2UHgXVUR6EpvOI8REOuVh1DZTRfHoJDvuQ=="
    },
    "@octokit/plugin-paginate-graphql@4.0.1_@octokit+core@5.2.0": {
      "integrity": "sha512-R8ZQNmrIKKpHWC6V2gum4x9LG2qF1RxRjo27gjQcG3j+vf2tLsEfE7I/wRWEPzYMaenr1M+qDAtNcwZve1ce1A==",
      "dependencies": [
        "@octokit/core@5.2.0"
      ]
    },
    "@octokit/plugin-paginate-graphql@5.2.4_@octokit+core@6.1.3": {
      "integrity": "sha512-pLZES1jWaOynXKHOqdnwZ5ULeVR6tVVCMm+AUbp0htdcyXDU95WbkYdU4R2ej1wKj5Tu94Mee2Ne0PjPO9cCyA==",
      "dependencies": [
        "@octokit/core@6.1.3"
      ]
    },
    "@octokit/plugin-paginate-rest@11.3.1_@octokit+core@5.2.0": {
      "integrity": "sha512-ryqobs26cLtM1kQxqeZui4v8FeznirUsksiA+RYemMPJ7Micju0WSkv50dBksTuZks9O5cg4wp+t8fZ/cLY56g==",
      "dependencies": [
        "@octokit/core@5.2.0",
        "@octokit/types@13.7.0"
      ]
    },
    "@octokit/plugin-paginate-rest@11.4.0_@octokit+core@6.1.3": {
      "integrity": "sha512-ttpGck5AYWkwMkMazNCZMqxKqIq1fJBNxBfsFwwfyYKTf914jKkLF0POMS3YkPBwp5g1c2Y4L79gDz01GhSr1g==",
      "dependencies": [
        "@octokit/core@6.1.3",
        "@octokit/types@13.7.0"
      ]
    },
    "@octokit/plugin-paginate-rest@9.2.1_@octokit+core@5.2.0": {
      "integrity": "sha512-wfGhE/TAkXZRLjksFXuDZdmGnJQHvtU/joFQdweXUgzo1XwvBCD4o4+75NtFfjfLK5IwLf9vHTfSiU3sLRYpRw==",
      "dependencies": [
        "@octokit/core@5.2.0",
        "@octokit/types@12.6.0"
      ]
    },
    "@octokit/plugin-rest-endpoint-methods@13.2.2_@octokit+core@5.2.0": {
      "integrity": "sha512-EI7kXWidkt3Xlok5uN43suK99VWqc8OaIMktY9d9+RNKl69juoTyxmLoWPIZgJYzi41qj/9zU7G/ljnNOJ5AFA==",
      "dependencies": [
        "@octokit/core@5.2.0",
        "@octokit/types@13.7.0"
      ]
    },
    "@octokit/plugin-rest-endpoint-methods@13.3.0_@octokit+core@6.1.3": {
      "integrity": "sha512-LUm44shlmkp/6VC+qQgHl3W5vzUP99ZM54zH6BuqkJK4DqfFLhegANd+fM4YRLapTvPm4049iG7F3haANKMYvQ==",
      "dependencies": [
        "@octokit/core@6.1.3",
        "@octokit/types@13.7.0"
      ]
    },
    "@octokit/plugin-retry@6.1.0_@octokit+core@5.2.0": {
      "integrity": "sha512-WrO3bvq4E1Xh1r2mT9w6SDFg01gFmP81nIG77+p/MqW1JeXXgL++6umim3t6x0Zj5pZm3rXAN+0HEjmmdhIRig==",
      "dependencies": [
        "@octokit/core@5.2.0",
        "@octokit/request-error@5.1.0",
        "@octokit/types@13.7.0",
        "bottleneck"
      ]
    },
    "@octokit/plugin-retry@7.1.3_@octokit+core@6.1.3": {
      "integrity": "sha512-8nKOXvYWnzv89gSyIvgFHmCBAxfQAOPRlkacUHL9r5oWtp5Whxl8Skb2n3ACZd+X6cYijD6uvmrQuPH/UCL5zQ==",
      "dependencies": [
        "@octokit/core@6.1.3",
        "@octokit/request-error@6.1.6",
        "@octokit/types@13.7.0",
        "bottleneck"
      ]
    },
    "@octokit/plugin-throttling@8.2.0_@octokit+core@5.2.0": {
      "integrity": "sha512-nOpWtLayKFpgqmgD0y3GqXafMFuKcA4tRPZIfu7BArd2lEZeb1988nhWhwx4aZWmjDmUfdgVf7W+Tt4AmvRmMQ==",
      "dependencies": [
        "@octokit/core@5.2.0",
        "@octokit/types@12.6.0",
        "bottleneck"
      ]
    },
    "@octokit/plugin-throttling@9.4.0_@octokit+core@6.1.3": {
      "integrity": "sha512-IOlXxXhZA4Z3m0EEYtrrACkuHiArHLZ3CvqWwOez/pURNqRuwfoFlTPbN5Muf28pzFuztxPyiUiNwz8KctdZaQ==",
      "dependencies": [
        "@octokit/core@6.1.3",
        "@octokit/types@13.7.0",
        "bottleneck"
      ]
    },
    "@octokit/request-error@5.1.0": {
      "integrity": "sha512-GETXfE05J0+7H2STzekpKObFe765O5dlAKUTLNGeH+x47z7JjXHfsHKo5z21D/o/IOZTUEI6nyWyR+bZVP/n5Q==",
      "dependencies": [
        "@octokit/types@13.7.0",
        "deprecation",
        "once"
      ]
    },
    "@octokit/request-error@6.1.6": {
      "integrity": "sha512-pqnVKYo/at0NuOjinrgcQYpEbv4snvP3bKMRqHaD9kIsk9u1LCpb2smHZi8/qJfgeNqLo5hNW4Z7FezNdEo0xg==",
      "dependencies": [
        "@octokit/types@13.7.0"
      ]
    },
    "@octokit/request@8.4.0": {
      "integrity": "sha512-9Bb014e+m2TgBeEJGEbdplMVWwPmL1FPtggHQRkV+WVsMggPtEkLKPlcVYm/o8xKLkpJ7B+6N8WfQMtDLX2Dpw==",
      "dependencies": [
        "@octokit/endpoint@9.0.5",
        "@octokit/request-error@5.1.0",
        "@octokit/types@13.7.0",
        "universal-user-agent@6.0.1"
      ]
    },
    "@octokit/request@9.1.4": {
      "integrity": "sha512-tMbOwGm6wDII6vygP3wUVqFTw3Aoo0FnVQyhihh8vVq12uO3P+vQZeo2CKMpWtPSogpACD0yyZAlVlQnjW71DA==",
      "dependencies": [
        "@octokit/endpoint@10.1.2",
        "@octokit/request-error@6.1.6",
        "@octokit/types@13.7.0",
        "fast-content-type-parse",
        "universal-user-agent@7.0.2"
      ]
    },
    "@octokit/types@12.6.0": {
      "integrity": "sha512-1rhSOfRa6H9w4YwK0yrf5faDaDTb+yLyBUKOCV4xtCDB5VmIPqd/v9yr9o6SAzOAlRxMiRiCic6JVM1/kunVkw==",
      "dependencies": [
        "@octokit/openapi-types@20.0.0"
      ]
    },
    "@octokit/types@13.7.0": {
      "integrity": "sha512-BXfRP+3P3IN6fd4uF3SniaHKOO4UXWBfkdR3vA8mIvaoO/wLjGN5qivUtW0QRitBHHMcfC41SLhNVYIZZE+wkA==",
      "dependencies": [
        "@octokit/openapi-types@23.0.1"
      ]
    },
    "@octokit/webhooks-methods@4.1.0": {
      "integrity": "sha512-zoQyKw8h9STNPqtm28UGOYFE7O6D4Il8VJwhAtMHFt2C4L0VQT1qGKLeefUOqHNs1mNRYSadVv7x0z8U2yyeWQ=="
    },
    "@octokit/webhooks-methods@5.1.0": {
      "integrity": "sha512-yFZa3UH11VIxYnnoOYCVoJ3q4ChuSOk2IVBBQ0O3xtKX4x9bmKb/1t+Mxixv2iUhzMdOl1qeWJqEhouXXzB3rQ=="
    },
    "@octokit/webhooks-types@7.6.1": {
      "integrity": "sha512-S8u2cJzklBC0FgTwWVLaM8tMrDuDMVE4xiTK4EYXM9GntyvrdbSoxqDQa+Fh57CCNApyIpyeqPhhFEmHPfrXgw=="
    },
    "@octokit/webhooks@12.3.1": {
      "integrity": "sha512-BVwtWE3rRXB9IugmQTfKspqjNa8q+ab73ddkV9k1Zok3XbuOxJUi4lTYk5zBZDhfWb/Y2H+RO9Iggm25gsqeow==",
      "dependencies": [
        "@octokit/request-error@5.1.0",
        "@octokit/webhooks-methods@4.1.0",
        "@octokit/webhooks-types",
        "aggregate-error"
      ]
    },
    "@octokit/webhooks@13.4.2": {
      "integrity": "sha512-fakbgkCScapQXPxyqx2jZs/Y3jGlyezwUp7ATL7oLAGJ0+SqBKWKstoKZpiQ+REeHutKpYjY9UtxdLSurwl2Tg==",
      "dependencies": [
        "@octokit/openapi-webhooks-types",
        "@octokit/request-error@6.1.6",
        "@octokit/webhooks-methods@5.1.0"
      ]
    },
    "@photostructure/tz-lookup@11.0.0": {
      "integrity": "sha512-QMV5/dWtY/MdVPXZs/EApqzyhnqDq1keYEqpS+Xj2uidyaqw2Nk/fWcsszdruIXjdqp1VoWNzsgrO6bUHU1mFw=="
    },
    "@types/aws-lambda@8.10.147": {
      "integrity": "sha512-nD0Z9fNIZcxYX5Mai2CTmFD7wX7UldCkW2ezCF8D1T5hdiLsnTWDGRpfRYntU6VjTdLQjOvyszru7I1c1oCQew=="
    },
    "@types/btoa-lite@1.0.2": {
      "integrity": "sha512-ZYbcE2x7yrvNFJiU7xJGrpF/ihpkM7zKgw8bha3LNJSesvTtUNxbpzaT7WXBIryf6jovisrxTBvymxMeLLj1Mg=="
    },
    "@types/jsonwebtoken@9.0.7": {
      "integrity": "sha512-ugo316mmTYBl2g81zDFnZ7cfxlut3o+/EQdaP7J8QN2kY6lJ22hmQYCK5EHcJHbrW+dkCGSCPgbG8JtYj6qSrg==",
      "dependencies": [
        "@types/node"
      ]
    },
    "@types/luxon@3.4.2": {
      "integrity": "sha512-TifLZlFudklWlMBfhubvgqTXRzLDI5pCbGa4P8a3wPyUQSW+1xQ5eDsreP9DWHX3tjq1ke96uYG/nwundroWcA=="
    },
    "@types/node@22.5.4": {
      "integrity": "sha512-FDuKUJQm/ju9fT/SeX/6+gBzoPzlVCzfzmGkwKvRHQVxi4BntVbyIwf6a4Xn62mrvndLiml6z/UBXIdEVjQLXg==",
      "dependencies": [
        "undici-types"
      ]
    },
    "@urql/core@5.1.0": {
      "integrity": "sha512-yC3sw8yqjbX45GbXxfiBY8GLYCiyW/hLBbQF9l3TJrv4ro00Y0ChkKaD9I2KntRxAVm9IYBqh0awX8fwWAe/Yw==",
      "dependencies": [
        "@0no-co/graphql.web",
        "wonka"
      ]
    },
    "@urql/exchange-retry@1.3.0_@urql+core@5.1.0": {
      "integrity": "sha512-FLt+d81gP4oiHah4hWFDApimc+/xABWMU1AMYsZ1PVB0L0YPtrMCjbOp9WMM7hBzy4gbTDrG24sio0dCfSh/HQ==",
      "dependencies": [
        "@urql/core",
        "wonka"
      ]
    },
    "@wolfy1339/lru-cache@11.0.2-patch.1": {
      "integrity": "sha512-BgYZfL2ADCXKOw2wJtkM3slhHotawWkgIRRxq4wEybnZQPjvAp71SPX35xepMykTw8gXlzWcWPTY31hlbnRsDA=="
    },
    "aggregate-error@3.1.0": {
      "integrity": "sha512-4I7Td01quW/RpocfNayFdFVk1qSuoh0E7JrbRJ16nH01HhKFQ88INq9Sd+nd72zqRySlr9BmDA8xlEJ6vJMrYA==",
      "dependencies": [
        "clean-stack",
        "indent-string"
      ]
    },
    "batch-cluster@13.0.0": {
      "integrity": "sha512-EreW0Vi8TwovhYUHBXXRA5tthuU2ynGsZFlboyMJHCCUXYa2AjgwnE3ubBOJs2xJLcuXFJbi6c/8pH5+FVj8Og=="
    },
    "before-after-hook@2.2.3": {
      "integrity": "sha512-NzUnlZexiaH/46WDhANlyR2bXRopNg4F/zuSA3OpZnllCUgRaOF2znDioDWrmbNVsuZk6l9pMquQB38cfBZwkQ=="
    },
    "before-after-hook@3.0.2": {
      "integrity": "sha512-Nik3Sc0ncrMK4UUdXQmAnRtzmNQTAAXmXIopizwZ1W1t8QmfJj+zL4OA2I7XPTPW5z5TDqv4hRo/JzouDJnX3A=="
    },
    "bottleneck@2.19.5": {
      "integrity": "sha512-VHiNCbI1lKdl44tGrhNfU3lup0Tj/ZBMJB5/2ZbNXRCPuRCO7ed2mgcK4r17y+KB2EfuYuRaVlwNbAeaWGSpbw=="
    },
    "btoa-lite@1.0.0": {
      "integrity": "sha512-gvW7InbIyF8AicrqWoptdW08pUxuhq8BEgowNajy9RhiE86fmGAGl+bLKo6oB8QP0CkqHLowfN0oJdKC/J6LbA=="
    },
    "buffer-equal-constant-time@1.0.1": {
      "integrity": "sha512-zRpUiDwd/xk6ADqPMATG8vc9VPrkck7T07OIx0gnjmJAnHnTVXNQG3vfvWNuiZIkwu9KrKdA1iJKfsfTVxE6NA=="
    },
    "clean-stack@2.2.0": {
      "integrity": "sha512-4diC9HaTE+KRAMWhDhrGOECgWZxoevMc5TlkObMqNSsVU62PYzXZ/SMTjzyGAFF1YusgxGcSWTEXBhp0CPwQ1A=="
    },
    "deprecation@2.3.1": {
      "integrity": "sha512-xmHIy4F3scKVwMsQ4WnVaS8bHOx0DmVwRywosKhaILI0ywMDWPtBSku2HNxRvF7jtwDRsoEwYQSfbxj8b7RlJQ=="
    },
    "ecdsa-sig-formatter@1.0.11": {
      "integrity": "sha512-nagl3RYrbNv6kQkeJIpt6NJZy8twLB/2vtz6yN9Z4vRKHN4/QZJIEbqohALSgwKdnksuY3k5Addp5lg8sVoVcQ==",
      "dependencies": [
        "safe-buffer"
      ]
    },
    "exiftool-vendored.exe@13.0.0": {
      "integrity": "sha512-4zAMuFGgxZkOoyQIzZMHv1HlvgyJK3AkNqjAgm8A8V0UmOZO7yv3pH49cDV1OduzFJqgs6yQ6eG4OGydhKtxlg=="
    },
    "exiftool-vendored.pl@13.0.1": {
      "integrity": "sha512-+BRRzjselpWudKR0ltAW5SUt9T82D+gzQN8DdOQUgnSVWWp7oLCeTGBRptbQz+436Ihn/mPzmo/xnf0cv/Qw1A=="
    },
    "exiftool-vendored@29.0.0": {
      "integrity": "sha512-BW2Fr7okYP1tN7KIIREy8gOx9WggpPsbKc3BTAS4dLgSup50LjdQttxF9kyDP+27ZayllK+d0rfMYPAixPBtQw==",
      "dependencies": [
        "@photostructure/tz-lookup",
        "@types/luxon",
        "batch-cluster",
        "exiftool-vendored.exe",
        "exiftool-vendored.pl",
        "he",
        "luxon"
      ]
    },
    "fast-content-type-parse@2.0.1": {
      "integrity": "sha512-nGqtvLrj5w0naR6tDPfB4cUmYCqouzyQiz6C5y/LtcDllJdrcc6WaWW6iXyIIOErTa/XRybj28aasdn4LkVk6Q=="
    },
    "he@1.2.0": {
      "integrity": "sha512-F/1DnUGPopORZi0ni+CvrCgHQ5FyEAHRLSApuYWMmrbSwoN2Mn/7k+Gl38gJnR7yyDZk6WLXwiGod1JOWNDKGw=="
    },
    "indent-string@4.0.0": {
      "integrity": "sha512-EdDDZu4A2OyIK7Lr/2zG+w5jmbuk1DVBnEwREQvBzspBJkCEbRa8GxU1lghYcaGJCnRWibjDXlq779X1/y5xwg=="
    },
    "jsonwebtoken@9.0.2": {
      "integrity": "sha512-PRp66vJ865SSqOlgqS8hujT5U4AOgMfhrwYIuIhfKaoSCZcirrmASQr8CX7cUg+RMih+hgznrjp99o+W4pJLHQ==",
      "dependencies": [
        "jws",
        "lodash.includes",
        "lodash.isboolean",
        "lodash.isinteger",
        "lodash.isnumber",
        "lodash.isplainobject",
        "lodash.isstring",
        "lodash.once",
        "ms",
        "semver"
      ]
    },
    "jwa@1.4.1": {
      "integrity": "sha512-qiLX/xhEEFKUAJ6FiBMbes3w9ATzyk5W7Hvzpa/SLYdxNtng+gcurvrI7TbACjIXlsJyr05/S1oUhZrc63evQA==",
      "dependencies": [
        "buffer-equal-constant-time",
        "ecdsa-sig-formatter",
        "safe-buffer"
      ]
    },
    "jws@3.2.2": {
      "integrity": "sha512-YHlZCB6lMTllWDtSPHz/ZXTsi8S00usEV6v1tjq8tOUZzw7DpSDWVXjXDre6ed1w/pd495ODpHZYSdkRTsa0HA==",
      "dependencies": [
        "jwa",
        "safe-buffer"
      ]
    },
    "lodash.includes@4.3.0": {
      "integrity": "sha512-W3Bx6mdkRTGtlJISOvVD/lbqjTlPPUDTMnlXZFnVwi9NKJ6tiAk6LVdlhZMm17VZisqhKcgzpO5Wz91PCt5b0w=="
    },
    "lodash.isboolean@3.0.3": {
      "integrity": "sha512-Bz5mupy2SVbPHURB98VAcw+aHh4vRV5IPNhILUCsOzRmsTmSQ17jIuqopAentWoehktxGd9e/hbIXq980/1QJg=="
    },
    "lodash.isinteger@4.0.4": {
      "integrity": "sha512-DBwtEWN2caHQ9/imiNeEA5ys1JoRtRfY3d7V9wkqtbycnAmTvRRmbHKDV4a0EYc678/dia0jrte4tjYwVBaZUA=="
    },
    "lodash.isnumber@3.0.3": {
      "integrity": "sha512-QYqzpfwO3/CWf3XP+Z+tkQsfaLL/EnUlXWVkIk5FUPc4sBdTehEqZONuyRt2P67PXAk+NXmTBcc97zw9t1FQrw=="
    },
    "lodash.isplainobject@4.0.6": {
      "integrity": "sha512-oSXzaWypCMHkPC3NvBEaPHf0KsA5mvPrOPgQWDsbg8n7orZ290M0BmC/jgRZ4vcJ6DTAhjrsSYgdsW/F+MFOBA=="
    },
    "lodash.isstring@4.0.1": {
      "integrity": "sha512-0wJxfxH1wgO3GrbuP+dTTk7op+6L41QCXbGINEmD+ny/G/eCqGzxyCsh7159S+mgDDcoarnBw6PC1PS5+wUGgw=="
    },
    "lodash.once@4.1.1": {
      "integrity": "sha512-Sb487aTOCr9drQVL8pIxOzVhafOjZN9UU54hiN8PU3uAiSV7lx1yYNpbNmex2PK6dSJoNTSJUUswT651yww3Mg=="
    },
    "luxon@3.5.0": {
      "integrity": "sha512-rh+Zjr6DNfUYR3bPwJEnuwDdqMbxZW7LOQfUN4B54+Cl+0o5zaU9RJ6bcidfDtC1cWCZXQ+nvX8bf6bAji37QQ=="
    },
    "ms@2.1.3": {
      "integrity": "sha512-6FlzubTLZG3J2a/NVCAleEhjzq5oxgHyaCU9yYXvcLsvoVaHJq/s5xXI6/XXP6tz7R9xAOtHnSO/tXtF3WRTlA=="
    },
    "octokit@3.2.1_@octokit+core@5.2.0": {
      "integrity": "sha512-u+XuSejhe3NdIvty3Jod00JvTdAE/0/+XbhIDhefHbu+2OcTRHd80aCiH6TX19ZybJmwPQBKFQmHGxp0i9mJrg==",
      "dependencies": [
        "@octokit/app@14.1.0_@octokit+core@5.2.0",
        "@octokit/core@5.2.0",
        "@octokit/oauth-app@6.1.0",
        "@octokit/plugin-paginate-graphql@4.0.1_@octokit+core@5.2.0",
        "@octokit/plugin-paginate-rest@11.3.1_@octokit+core@5.2.0",
        "@octokit/plugin-rest-endpoint-methods@13.2.2_@octokit+core@5.2.0",
        "@octokit/plugin-retry@6.1.0_@octokit+core@5.2.0",
        "@octokit/plugin-throttling@8.2.0_@octokit+core@5.2.0",
        "@octokit/request-error@5.1.0",
        "@octokit/types@13.7.0"
      ]
    },
    "octokit@4.1.0_@octokit+core@6.1.3": {
      "integrity": "sha512-/UrQAOSvkc+lUUWKNzy4ByAgYU9KpFzZQt8DnC962YmQuDiZb1SNJ90YukCCK5aMzKqqCA+z1kkAlmzYvdYKag==",
      "dependencies": [
        "@octokit/app@15.1.2_@octokit+core@6.1.3",
        "@octokit/core@6.1.3",
        "@octokit/oauth-app@7.1.5",
        "@octokit/plugin-paginate-graphql@5.2.4_@octokit+core@6.1.3",
        "@octokit/plugin-paginate-rest@11.4.0_@octokit+core@6.1.3",
        "@octokit/plugin-rest-endpoint-methods@13.3.0_@octokit+core@6.1.3",
        "@octokit/plugin-retry@7.1.3_@octokit+core@6.1.3",
        "@octokit/plugin-throttling@9.4.0_@octokit+core@6.1.3",
        "@octokit/request-error@6.1.6",
        "@octokit/types@13.7.0"
      ]
    },
    "once@1.4.0": {
      "integrity": "sha512-lNaJgI+2Q5URQBkccEKHTQOPaXdUxnZZElQTZY0MFUAuaEqe1E+Nyvgdz/aIyNi6Z9MzO5dv1H8n58/GELp3+w==",
      "dependencies": [
        "wrappy"
      ]
    },
    "safe-buffer@5.2.1": {
      "integrity": "sha512-rp3So07KcdmmKbGvgaNxQSJr7bGVSVk5S9Eq1F+ppbRo70+YeaDxkw5Dd8NPN+GD6bjnYm2VuPuCXmpuYvmCXQ=="
    },
    "semver@7.6.3": {
      "integrity": "sha512-oVekP1cKtI+CTDvHWYFUcMtsK/00wmAEfyqKfNdARm8u1wNVhSgaX7A8d4UuIlUI5e84iEwOhs7ZPYRmzU9U6A=="
    },
    "toad-cache@3.7.0": {
      "integrity": "sha512-/m8M+2BJUpoJdgAHoG+baCwBT+tf2VraSfkBgl0Y00qIWt41DJ8R5B8nsEw0I58YwF5IZH6z24/2TobDKnqSWw=="
    },
    "undici-types@6.19.8": {
      "integrity": "sha512-ve2KP6f/JnbPBFyobGHuerC9g1FYGn/F8n1LWTwNxCEzd6IfqTwUQcNXgEtmmQ6DlRrC1hrSrBnCZPokRrDHjw=="
    },
    "universal-github-app-jwt@1.2.0": {
      "integrity": "sha512-dncpMpnsKBk0eetwfN8D8OUHGfiDhhJ+mtsbMl+7PfW7mYjiH8LIcqRmYMtzYLgSh47HjfdBtrBwIQ/gizKR3g==",
      "dependencies": [
        "@types/jsonwebtoken",
        "jsonwebtoken"
      ]
    },
    "universal-github-app-jwt@2.2.0": {
      "integrity": "sha512-G5o6f95b5BggDGuUfKDApKaCgNYy2x7OdHY0zSMF081O0EJobw+1130VONhrA7ezGSV2FNOGyM+KQpQZAr9bIQ=="
    },
    "universal-user-agent@6.0.1": {
      "integrity": "sha512-yCzhz6FN2wU1NiiQRogkTQszlQSlpWaw8SvVegAc+bDxbzHgh1vX8uIe8OYyMH6DwH+sdTJsgMl36+mSMdRJIQ=="
    },
    "universal-user-agent@7.0.2": {
      "integrity": "sha512-0JCqzSKnStlRRQfCdowvqy3cy0Dvtlb8xecj/H8JFZuCze4rwjPZQOgvFvn0Ws/usCHQFGpyr+pB9adaGwXn4Q=="
    },
    "wonka@6.3.4": {
      "integrity": "sha512-CjpbqNtBGNAeyNS/9W6q3kSkKE52+FjIj7AkFlLr11s/VWGUu6a2CdYSdGxocIhIVjaW/zchesBQUKPVU69Cqg=="
    },
    "wrappy@1.0.2": {
      "integrity": "sha512-l4Sp/DRseor9wL6EvV2+TuQn63dMkPjZ/sp9XkghTEbV9KlPS1xUsZ3u7/IQO4wxtcFB4bgpQPRcR3QCvezPcQ=="
    }
  },
  "workspace": {
    "dependencies": [
      "jsr:@b-fuze/deno-dom@~0.1.49",
      "jsr:@cliffy/ansi@1.0.0-rc.7",
      "jsr:@cliffy/command@1.0.0-rc.7",
      "jsr:@cliffy/flags@1.0.0-rc.7",
      "jsr:@cliffy/prompt@1.0.0-rc.7",
      "jsr:@cliffy/table@1.0.0-rc.7",
      "jsr:@david/which@~0.4.1",
      "jsr:@std/assert@^1.0.11",
      "jsr:@std/async@^1.0.10",
      "jsr:@std/cli@^1.0.11",
      "jsr:@std/collections@^1.0.10",
      "jsr:@std/fs@^1.0.10",
      "jsr:@std/path@^1.0.8",
      "jsr:@std/regexp@^1.0.1",
      "jsr:@std/semver@^1.0.3",
      "jsr:@std/testing@^1.0.9",
      "jsr:@std/text@^1.0.9",
      "npm:@urql/core@^5.1.0",
      "npm:@urql/exchange-retry@^1.3.0",
      "npm:exiftool-vendored@29",
      "npm:octokit@^4.1.0"
    ]
  }
}
